
Microsoft Visual Studio Solution File, Format Version 12.00
# Visual Studio Version 17
VisualStudioVersion = 17.5.33516.290
MinimumVisualStudioVersion = 10.0.40219.1
Project("{FAE04EC0-301F-11D3-BF4B-00C04F79EFBC}") = "ResourceMonitor", "ResourceMonitor\ResourceMonitor.csproj", "{9D3E1928-B407-4BCF-93A8-C3718C1299C5}"
EndProject
Global
	GlobalSection(SolutionConfigurationPlatforms) = preSolution
		Debug|Any CPU = Debug|Any CPU
		Release|Any CPU = Release|Any CPU
	EndGlobalSection
	GlobalSection(ProjectConfigurationPlatforms) = postSolution
		{9D3E1928-B407-4BCF-93A8-C3718C1299C5}.Debug|Any CPU.ActiveCfg = Debug|Any CPU
		{9D3E1928-B407-4BCF-93A8-C3718C1299C5}.Debug|Any CPU.Build.0 = Debug|Any CPU
		{9D3E1928-B407-4BCF-93A8-C3718C1299C5}.Release|Any CPU.ActiveCfg = Release|Any CPU
		{9D3E1928-B407-4BCF-93A8-C3718C1299C5}.Release|Any CPU.Build.0 = Release|Any CPU
	EndGlobalSection
	GlobalSection(SolutionProperties) = preSolution
		HideSolutionNode = FALSE
	EndGlobalSection
	GlobalSection(ExtensibilityGlobals) = postSolution
		SolutionGuid = {28763927-B5FF-43A6-B84A-42028DABBF31}
	EndGlobalSection
EndGlobal
